
Microsoft Visual Studio Solution File, Format Version 12.00
# Visual Studio Version 17
VisualStudioVersion = 17.11.35327.3
MinimumVisualStudioVersion = 10.0.40219.1
Project("{FAE04EC0-301F-11D3-BF4B-00C04F79EFBC}") = "GerenciadorDeTarefasAPI", "GerenciadorDeTarefasAPI\GerenciadorDeTarefasAPI.csproj", "{6972FB34-41D2-4B9E-B60E-A02285A9FC25}"
EndProject
Project("{FAE04EC0-301F-11D3-BF4B-00C04F79EFBC}") = "GerenciadorDeTarefasApplication", "GerenciadorDeTarefasApplication\GerenciadorDeTarefasApplication.csproj", "{0C576010-0CFB-4CE7-AF9F-7D0B1D03BDC6}"
EndProject
Project("{FAE04EC0-301F-11D3-BF4B-00C04F79EFBC}") = "GerenciadorDeTarefasCommunication", "GerenciadorDeTarefasCommunication\GerenciadorDeTarefasCommunication.csproj", "{445CF276-A438-490A-83A9-D903B56EE33F}"
EndProject
Global
	GlobalSection(SolutionConfigurationPlatforms) = preSolution
		Debug|Any CPU = Debug|Any CPU
		Release|Any CPU = Release|Any CPU
	EndGlobalSection
	GlobalSection(ProjectConfigurationPlatforms) = postSolution
		{6972FB34-41D2-4B9E-B60E-A02285A9FC25}.Debug|Any CPU.ActiveCfg = Debug|Any CPU
		{6972FB34-41D2-4B9E-B60E-A02285A9FC25}.Debug|Any CPU.Build.0 = Debug|Any CPU
		{6972FB34-41D2-4B9E-B60E-A02285A9FC25}.Release|Any CPU.ActiveCfg = Release|Any CPU
		{6972FB34-41D2-4B9E-B60E-A02285A9FC25}.Release|Any CPU.Build.0 = Release|Any CPU
		{0C576010-0CFB-4CE7-AF9F-7D0B1D03BDC6}.Debug|Any CPU.ActiveCfg = Debug|Any CPU
		{0C576010-0CFB-4CE7-AF9F-7D0B1D03BDC6}.Debug|Any CPU.Build.0 = Debug|Any CPU
		{0C576010-0CFB-4CE7-AF9F-7D0B1D03BDC6}.Release|Any CPU.ActiveCfg = Release|Any CPU
		{0C576010-0CFB-4CE7-AF9F-7D0B1D03BDC6}.Release|Any CPU.Build.0 = Release|Any CPU
		{445CF276-A438-490A-83A9-D903B56EE33F}.Debug|Any CPU.ActiveCfg = Debug|Any CPU
		{445CF276-A438-490A-83A9-D903B56EE33F}.Debug|Any CPU.Build.0 = Debug|Any CPU
		{445CF276-A438-490A-83A9-D903B56EE33F}.Release|Any CPU.ActiveCfg = Release|Any CPU
		{445CF276-A438-490A-83A9-D903B56EE33F}.Release|Any CPU.Build.0 = Release|Any CPU
	EndGlobalSection
	GlobalSection(SolutionProperties) = preSolution
		HideSolutionNode = FALSE
	EndGlobalSection
	GlobalSection(ExtensibilityGlobals) = postSolution
		SolutionGuid = {0B1F4F56-21CE-4221-BE37-2457C824DA6D}
	EndGlobalSection
EndGlobal
